# This file is automatically @generated by Poetry 2.0.0 and should not be changed by hand.

[[package]]
name = "foxglove-sdk"
version = "0.4.0"
description = "Foxglove Python SDK"
optional = false
python-versions = ">=3.9"
groups = ["main"]
files = [
    {file = "foxglove_sdk-0.4.0-cp310-cp310-manylinux_2_17_aarch64.manylinux2014_aarch64.whl", hash = "sha256:8c57ddf68b71803a730fb23d30654baf73b5b53243aab7b38f9da7281ec210b7"},
    {file = "foxglove_sdk-0.4.0-cp310-cp310-manylinux_2_17_armv7l.manylinux2014_armv7l.whl", hash = "sha256:45b175d66ee4c938683986598507879e4d5e9a79b027a8ac089e748024a50588"},
    {file = "foxglove_sdk-0.4.0-cp310-cp310-manylinux_2_17_i686.manylinux2014_i686.whl", hash = "sha256:75678200dc834ae4ef45513ffe7b99201c17e710149eb5f5b3fc43b7db2bada6"},
    {file = "foxglove_sdk-0.4.0-cp310-cp310-manylinux_2_17_ppc64le.manylinux2014_ppc64le.whl", hash = "sha256:7f63d961910521a39cb32e3cced9cd3ac82141d5cc2f330d6dc34a22902f6931"},
    {file = "foxglove_sdk-0.4.0-cp310-cp310-manylinux_2_17_s390x.manylinux2014_s390x.whl", hash = "sha256:eb3757fa54bdccd5fb03a2d1704dbcc2d6b95ba1ef968e9dca56e7f0e211a4ad"},
    {file = "foxglove_sdk-0.4.0-cp310-cp310-manylinux_2_17_x86_64.manylinux2014_x86_64.whl", hash = "sha256:0121fee1929246e5152aa391931ab928e4764c893659bdd0f612b1e43d71affe"},
    {file = "foxglove_sdk-0.4.0-cp310-cp310-musllinux_1_2_aarch64.whl", hash = "sha256:ed024986515f42148f945c32d0ca518115c63b626956fe1f8ee70a07b6605c5c"},
    {file = "foxglove_sdk-0.4.0-cp310-cp310-musllinux_1_2_armv7l.whl", hash = "sha256:947012f74f0bacba11d923af01654088a441ddda0732f8f377c6c8b44457e042"},
    {file = "foxglove_sdk-0.4.0-cp310-cp310-musllinux_1_2_i686.whl", hash = "sha256:3c19bdfaa0c4db463ac6b9c9e6135d8c41a068024dde41598ceea5101383bdc5"},
    {file = "foxglove_sdk-0.4.0-cp310-cp310-musllinux_1_2_x86_64.whl", hash = "sha256:3688f23bd6ee1082a91ed8ac8077e31934f6efe28f6472123418877211118b5d"},
    {file = "foxglove_sdk-0.4.0-cp310-cp310-win32.whl", hash = "sha256:983405a7a4c4d17a2767baae2400439bcf5f341eb578c4d50de5a4cddc2396aa"},
    {file = "foxglove_sdk-0.4.0-cp310-cp310-win_amd64.whl", hash = "sha256:6b2d858ba40c3d35afbbf38054cb09e9e9044dc5080dc337161b2b054c9f738f"},
    {file = "foxglove_sdk-0.4.0-cp311-cp311-macosx_10_12_x86_64.whl", hash = "sha256:f2b53e0e86e067535263cbf84ec065def21232b97d4cb8efd05383a9e8cb7b59"},
    {file = "foxglove_sdk-0.4.0-cp311-cp311-macosx_11_0_arm64.whl", hash = "sha256:0c1d69e05de85d240a571e9beac3040be55eb408e13ee1ea014f910b8f97570c"},
    {file = "foxglove_sdk-0.4.0-cp311-cp311-manylinux_2_17_aarch64.manylinux2014_aarch64.whl", hash = "sha256:f372aab80760a241d01866e684e52cb5a89abc794adf638b3f3cb3185a32f381"},
    {file = "foxglove_sdk-0.4.0-cp311-cp311-manylinux_2_17_armv7l.manylinux2014_armv7l.whl", hash = "sha256:9f3cbdf028140adb23a524603de1d8a56675436ddf99af83a1034aa6b781ea64"},
    {file = "foxglove_sdk-0.4.0-cp311-cp311-manylinux_2_17_i686.manylinux2014_i686.whl", hash = "sha256:4fc7f71d0715d68a8ad6f28b38931bdfd621e751e668d9904f18f0386956545b"},
    {file = "foxglove_sdk-0.4.0-cp311-cp311-manylinux_2_17_ppc64le.manylinux2014_ppc64le.whl", hash = "sha256:9805f02d414dbe490d74dd1ee51c6f5aa40d9fd351ecf2cff4d131da11232c83"},
    {file = "foxglove_sdk-0.4.0-cp311-cp311-manylinux_2_17_s390x.manylinux2014_s390x.whl", hash = "sha256:255ef940ad90244c0022d6cb4d1c582c30bdb1feada6016807383da4aea12b7a"},
    {file = "foxglove_sdk-0.4.0-cp311-cp311-manylinux_2_17_x86_64.manylinux2014_x86_64.whl", hash = "sha256:cc2d1380b13efd916262524d88fb23e0d71c025e97328c4379f1b9ae2bb43e9a"},
    {file = "foxglove_sdk-0.4.0-cp311-cp311-musllinux_1_2_aarch64.whl", hash = "sha256:1f4c6a88e7df334101d4c91529507dcc65b60c846f5517644e21e8a31d3973d6"},
    {file = "foxglove_sdk-0.4.0-cp311-cp311-musllinux_1_2_armv7l.whl", hash = "sha256:2b028e872f3cf59b5bbc4a1d9bb8f2803a31f83158923ee8e1ca41f8984d7d01"},
    {file = "foxglove_sdk-0.4.0-cp311-cp311-musllinux_1_2_i686.whl", hash = "sha256:3862981bf3bcbc5f5dec5e814f18ba94e98efb1e34db95c4e483057ab7f9ff73"},
    {file = "foxglove_sdk-0.4.0-cp311-cp311-musllinux_1_2_x86_64.whl", hash = "sha256:dd95b7a1406355c2145bada7a13da936eb3d0d55b0235beeca849cdcfb24b538"},
    {file = "foxglove_sdk-0.4.0-cp311-cp311-win32.whl", hash = "sha256:378ca1b51a1eee7cfc1b5b71ff994b334906f8e6bbb26f0045d3e09e3178aa54"},
    {file = "foxglove_sdk-0.4.0-cp311-cp311-win_amd64.whl", hash = "sha256:54fc7f1d9d5782bf81fd8a7ea63b9d042a5f745d3fec3b0888814a20e52e021f"},
    {file = "foxglove_sdk-0.4.0-cp312-cp312-macosx_10_12_x86_64.whl", hash = "sha256:1e3371d3a5e617cb3f3ab53d233b8065c0ffb4228bed83de1fd2500b3106d780"},
    {file = "foxglove_sdk-0.4.0-cp312-cp312-macosx_11_0_arm64.whl", hash = "sha256:74b99be92b0034c3f333825fb85d28b456a0af51ea0a6f325cd6cf1f5c29d10f"},
    {file = "foxglove_sdk-0.4.0-cp312-cp312-manylinux_2_17_aarch64.manylinux2014_aarch64.whl", hash = "sha256:9620e6f2dbbeeedd8c9d3a07e0c6f2e6caea75b1f61553be766bedfbe3c95683"},
    {file = "foxglove_sdk-0.4.0-cp312-cp312-manylinux_2_17_armv7l.manylinux2014_armv7l.whl", hash = "sha256:d742c17150406fbad8545a2aee9db3559b6c69af0611f8ba0f9d2a0c28c6a15f"},
    {file = "foxglove_sdk-0.4.0-cp312-cp312-manylinux_2_17_i686.manylinux2014_i686.whl", hash = "sha256:c65dd55068240779936ccab29b73a9acbb8e4436123f0fbb3fbfbe787cadf9f5"},
    {file = "foxglove_sdk-0.4.0-cp312-cp312-manylinux_2_17_ppc64le.manylinux2014_ppc64le.whl", hash = "sha256:b11f98f972de5cc167fb65c043286802942bb989ea34d9fdaf13ff5a2d7ee57b"},
    {file = "foxglove_sdk-0.4.0-cp312-cp312-manylinux_2_17_s390x.manylinux2014_s390x.whl", hash = "sha256:060a6db1b12165b87762b66077c7c99633ac759663283944ad58c76b014f8b0d"},
    {file = "foxglove_sdk-0.4.0-cp312-cp312-manylinux_2_17_x86_64.manylinux2014_x86_64.whl", hash = "sha256:8875bae9316b6f36979bc68d93b91857c88478e7b9292f6123d742b3f4bf1684"},
    {file = "foxglove_sdk-0.4.0-cp312-cp312-musllinux_1_2_aarch64.whl", hash = "sha256:be4ff97b449e46e298e7f07465be70e77ab1427650dc4e9f9717150b73784791"},
    {file = "foxglove_sdk-0.4.0-cp312-cp312-musllinux_1_2_armv7l.whl", hash = "sha256:cc55e37876c7099abf4e5e31481589164847c4315e585903350aff410957cccb"},
    {file = "foxglove_sdk-0.4.0-cp312-cp312-musllinux_1_2_i686.whl", hash = "sha256:337a19218d0cfc9e447f89476ca2209ace28d369ae751aff791675738e7c159e"},
    {file = "foxglove_sdk-0.4.0-cp312-cp312-musllinux_1_2_x86_64.whl", hash = "sha256:12b41825ff884410ac6f3e8aca500aa8494e86c63fb56399971f5170d929895e"},
    {file = "foxglove_sdk-0.4.0-cp312-cp312-win32.whl", hash = "sha256:e0e7239fcae2838db41782183157f181824337cd3b1c2a6f9d78e448637ce789"},
    {file = "foxglove_sdk-0.4.0-cp312-cp312-win_amd64.whl", hash = "sha256:3d30c555d557c3c63629c479042f129ec90606161615cf54ea453d6240d062d9"},
    {file = "foxglove_sdk-0.4.0-cp313-cp313-macosx_10_12_x86_64.whl", hash = "sha256:c126806ed14d75c1c90444fb84ea6917260b98e334719ca7eb67e7e78ab98d38"},
    {file = "foxglove_sdk-0.4.0-cp313-cp313-macosx_11_0_arm64.whl", hash = "sha256:dfc6a652c1176f6f82eee81b87d524a69024d83ab00f63e4888a44a2a28c3468"},
    {file = "foxglove_sdk-0.4.0-cp313-cp313-manylinux_2_17_aarch64.manylinux2014_aarch64.whl", hash = "sha256:14588a3a72e805b8bb875cd388777c819940296e626e610aac668837c976a5a3"},
    {file = "foxglove_sdk-0.4.0-cp313-cp313-manylinux_2_17_armv7l.manylinux2014_armv7l.whl", hash = "sha256:691372004028decda8f0a672efc90f5093fc39f35e633bb4a7ee34fec380eacd"},
    {file = "foxglove_sdk-0.4.0-cp313-cp313-manylinux_2_17_i686.manylinux2014_i686.whl", hash = "sha256:a75c6c03850b94a5bd91a7166091722df4627d8fb9c12d065e0e40082984e8bc"},
    {file = "foxglove_sdk-0.4.0-cp313-cp313-manylinux_2_17_ppc64le.manylinux2014_ppc64le.whl", hash = "sha256:8cb0908dca0a641bb3ec97de340d453f9e48e06ac1dca299c9d676cfdd32bba5"},
    {file = "foxglove_sdk-0.4.0-cp313-cp313-manylinux_2_17_s390x.manylinux2014_s390x.whl", hash = "sha256:110cac9c7ae741db0a8ac036600c824ee328468de55edcbbe9bc3546903be3f8"},
    {file = "foxglove_sdk-0.4.0-cp313-cp313-manylinux_2_17_x86_64.manylinux2014_x86_64.whl", hash = "sha256:8333c51490c06c971408c119fef8889842556ab899d355096538753d744bbc37"},
    {file = "foxglove_sdk-0.4.0-cp313-cp313-musllinux_1_2_aarch64.whl", hash = "sha256:c8926e60596a2d725add8648325807ffee9a8bc03533842722f463199bc8b5aa"},
    {file = "foxglove_sdk-0.4.0-cp313-cp313-musllinux_1_2_armv7l.whl", hash = "sha256:5ecb68eb4eccc52f1eed11fa0b083bd5c2257752f54a9a2b55cf93621be7fdea"},
    {file = "foxglove_sdk-0.4.0-cp313-cp313-musllinux_1_2_i686.whl", hash = "sha256:0c8d8068ec0ea05c5d4707898d9ff168637932427a8c4826687acf2014e360d5"},
    {file = "foxglove_sdk-0.4.0-cp313-cp313-musllinux_1_2_x86_64.whl", hash = "sha256:fb884248048e3df516b4fdd5638f5fda6678f8378d69b77f3abf6f9bc5a1c5d7"},
    {file = "foxglove_sdk-0.4.0-cp313-cp313-win32.whl", hash = "sha256:dfd797a88655b2f0d11bb038f191b87e08415bdb44e1cba4c6147123b1084647"},
    {file = "foxglove_sdk-0.4.0-cp313-cp313-win_amd64.whl", hash = "sha256:54971e46f0cf7a6e2b8398d20917d150a9c87124745225c060a1bc5f1f08c2c8"},
    {file = "foxglove_sdk-0.4.0-cp313-cp313t-manylinux_2_17_aarch64.manylinux2014_aarch64.whl", hash = "sha256:62f2d467fbcba2d63d91ae007532bf1c909b55ac6bdd373b1bf16111bbd1d9cd"},
    {file = "foxglove_sdk-0.4.0-cp313-cp313t-manylinux_2_17_armv7l.manylinux2014_armv7l.whl", hash = "sha256:1271af90ca01f93f5335bb28691a443de1a267b9c0f624641ed018f619dc6a40"},
    {file = "foxglove_sdk-0.4.0-cp313-cp313t-manylinux_2_17_ppc64le.manylinux2014_ppc64le.whl", hash = "sha256:54e5b52fbf3bd818f70c484463fe9ab563a215b3b3022b4f20afd53e02d7eacc"},
    {file = "foxglove_sdk-0.4.0-cp313-cp313t-manylinux_2_17_s390x.manylinux2014_s390x.whl", hash = "sha256:ca625c0b7160e3ba3d7cd5baf1419a752015a8ee8f99a479b30900d37b0c67df"},
    {file = "foxglove_sdk-0.4.0-cp313-cp313t-musllinux_1_2_aarch64.whl", hash = "sha256:4d627d4e02d828ac7b604ec57f78f3d92263a2228d966b5c41f8d0ea8fe1ab83"},
    {file = "foxglove_sdk-0.4.0-cp313-cp313t-musllinux_1_2_armv7l.whl", hash = "sha256:9bec216c8b72cddef37f2fddfe9726460dce5569396845d2421b6f2e91926d3f"},
    {file = "foxglove_sdk-0.4.0-cp313-cp313t-musllinux_1_2_i686.whl", hash = "sha256:ca3423a3e21c1654209a3a0c106f6f9ad43bd9781b299cd89631abd45be7f6f9"},
    {file = "foxglove_sdk-0.4.0-cp313-cp313t-musllinux_1_2_x86_64.whl", hash = "sha256:e611f8f3c1de2e6211dd305e25277e0b46a90492efe191e656f4e1bc1ce33ce1"},
    {file = "foxglove_sdk-0.4.0-cp39-cp39-macosx_10_12_x86_64.whl", hash = "sha256:3d3622127afb91bce5ff8d9d0408daffeb0e094b9d44871f874824694b481ea3"},
    {file = "foxglove_sdk-0.4.0-cp39-cp39-macosx_11_0_arm64.whl", hash = "sha256:da7c21aae25437ae5b0f883b0a3d87901210d41e2e2a8c5bada0a648a61b21de"},
    {file = "foxglove_sdk-0.4.0-cp39-cp39-manylinux_2_17_aarch64.manylinux2014_aarch64.whl", hash = "sha256:e6cb478ce608f7224101231bbc3d174056abfa26d6a8f13fc9c3e9b19d6add05"},
    {file = "foxglove_sdk-0.4.0-cp39-cp39-manylinux_2_17_armv7l.manylinux2014_armv7l.whl", hash = "sha256:c2b32e439a083a6f45a9378ad8431e4ce787c0c7a866b4dad88afc0acfc255bd"},
    {file = "foxglove_sdk-0.4.0-cp39-cp39-manylinux_2_17_i686.manylinux2014_i686.whl", hash = "sha256:3c44819f66e2581f92d212ae73c3716754ea4ba2b496431d201b3815fca931fa"},
    {file = "foxglove_sdk-0.4.0-cp39-cp39-manylinux_2_17_ppc64le.manylinux2014_ppc64le.whl", hash = "sha256:a6535756968c718d8e894dbacca092f36dede22dcb7e1aaf114beb2e6fee4559"},
    {file = "foxglove_sdk-0.4.0-cp39-cp39-manylinux_2_17_s390x.manylinux2014_s390x.whl", hash = "sha256:b7a4c2db0e9b6605158bffdf9dc6d9c790fc4fc5e5e9d870abaef138b9e97ce6"},
    {file = "foxglove_sdk-0.4.0-cp39-cp39-manylinux_2_17_x86_64.manylinux2014_x86_64.whl", hash = "sha256:cd3d188862187534aa48297eeb37d85eedf7937ad69e6b1f019bd30954066347"},
    {file = "foxglove_sdk-0.4.0-cp39-cp39-musllinux_1_2_aarch64.whl", hash = "sha256:5c26593ea308747bf5efa4996421a1109e855249155e2337f97f21416f498a8b"},
    {file = "foxglove_sdk-0.4.0-cp39-cp39-musllinux_1_2_armv7l.whl", hash = "sha256:cd7370f7aeeb3f1fec41a62d6853282b1597d02663be14ffb524a524a9a86e45"},
    {file = "foxglove_sdk-0.4.0-cp39-cp39-musllinux_1_2_i686.whl", hash = "sha256:1b5e2852b8a4eee8443a0fcad2780812d9483239a6d068a3096fdaf59dd1cf3e"},
    {file = "foxglove_sdk-0.4.0-cp39-cp39-musllinux_1_2_x86_64.whl", hash = "sha256:8b96ca2133fa8f5319ef6e26d9f626936d050039530b6ad8b81d331c049e3cfb"},
    {file = "foxglove_sdk-0.4.0-cp39-cp39-win32.whl", hash = "sha256:7cfad586023998426c95017443c85b8c2768671fe47a40e98a97a3a79de27380"},
    {file = "foxglove_sdk-0.4.0-cp39-cp39-win_amd64.whl", hash = "sha256:2d860cb63502371452196defc55581b8e2c7b84eeea668b90b9b7e7ddc58823b"},
    {file = "foxglove_sdk-0.4.0-pp310-pypy310_pp73-manylinux_2_17_aarch64.manylinux2014_aarch64.whl", hash = "sha256:57b891c9194de52e0bf1d49d99d27ef69a5c71248064701bc6dfa4f49be48c27"},
    {file = "foxglove_sdk-0.4.0-pp310-pypy310_pp73-manylinux_2_17_armv7l.manylinux2014_armv7l.whl", hash = "sha256:dab9ad286933b2d5de2973ab8bc8e237dfe787cbe10b5a975d40de42825d9dd0"},
    {file = "foxglove_sdk-0.4.0-pp310-pypy310_pp73-manylinux_2_17_i686.manylinux2014_i686.whl", hash = "sha256:dadfe2b5e710bf450e46d520c53dd879e25baf26ede699b87a07df31d00756af"},
    {file = "foxglove_sdk-0.4.0-pp310-pypy310_pp73-manylinux_2_17_ppc64le.manylinux2014_ppc64le.whl", hash = "sha256:02e69c68597b764998169cfe0ce51b447e74bb599ff06f15dbdd76cb0f5bc8f3"},
    {file = "foxglove_sdk-0.4.0-pp310-pypy310_pp73-manylinux_2_17_s390x.manylinux2014_s390x.whl", hash = "sha256:3c5441e70fff8bce1145fe204f2185098f31618d7ebc890dae38063ddc382eba"},
    {file = "foxglove_sdk-0.4.0-pp310-pypy310_pp73-manylinux_2_17_x86_64.manylinux2014_x86_64.whl", hash = "sha256:3c0805d31d28cfda6ed68ad60ef94b7fb1eea19522da2f2ff3fc520d383dde7a"},
    {file = "foxglove_sdk-0.4.0-pp310-pypy310_pp73-musllinux_1_2_aarch64.whl", hash = "sha256:7562c11077027ed46a401513899f62cc4850f7ed18176824629a59a7197a1517"},
    {file = "foxglove_sdk-0.4.0-pp310-pypy310_pp73-musllinux_1_2_armv7l.whl", hash = "sha256:9b99728fc6c32a34eb49e557127431aabae8bdfd4d2f29c93feb21cae6376839"},
    {file = "foxglove_sdk-0.4.0-pp310-pypy310_pp73-musllinux_1_2_i686.whl", hash = "sha256:2c9764708fc493d9e82d60f61fa72b51b42f9e8ea0883fbb8ff96735c514543d"},
    {file = "foxglove_sdk-0.4.0-pp310-pypy310_pp73-musllinux_1_2_x86_64.whl", hash = "sha256:310429fc205d3fdebbe44780bf3fb7c133f2c25ea3fccc708c246def6b0b30a9"},
    {file = "foxglove_sdk-0.4.0-pp311-pypy311_pp73-manylinux_2_17_aarch64.manylinux2014_aarch64.whl", hash = "sha256:c0766be9785b4f830d5f1be72a11b364cd8c4fc31ff31b45962d19111e454452"},
    {file = "foxglove_sdk-0.4.0-pp311-pypy311_pp73-manylinux_2_17_armv7l.manylinux2014_armv7l.whl", hash = "sha256:b9ee78b01b595cfc0d0679eb0491e2e17279eeb5b9812c8327fa3cfe5854d473"},
    {file = "foxglove_sdk-0.4.0-pp311-pypy311_pp73-manylinux_2_17_i686.manylinux2014_i686.whl", hash = "sha256:93c048abf0740420160b3b6ff87c63074fe8e943c04aa4f41226f65993a899a0"},
    {file = "foxglove_sdk-0.4.0-pp311-pypy311_pp73-manylinux_2_17_ppc64le.manylinux2014_ppc64le.whl", hash = "sha256:c5cf9d2747eb46c3cecfed80020b7b0979b6f25eef1035b992113ac3160da149"},
    {file = "foxglove_sdk-0.4.0-pp311-pypy311_pp73-manylinux_2_17_s390x.manylinux2014_s390x.whl", hash = "sha256:1a2e6455aa7837536ed6dc30f15f286871757f88dc48755d6da3b199013697e7"},
    {file = "foxglove_sdk-0.4.0-pp311-pypy311_pp73-manylinux_2_17_x86_64.manylinux2014_x86_64.whl", hash = "sha256:671780e80d8f11c59041fa57ad33773a294b37c5bf8a1660802064c2ec8cbc6f"},
    {file = "foxglove_sdk-0.4.0-pp311-pypy311_pp73-musllinux_1_2_aarch64.whl", hash = "sha256:3d50cf1019d5c84c5ed16433dd785d9d8fcc350e247315f684a4b36017a5db23"},
    {file = "foxglove_sdk-0.4.0-pp311-pypy311_pp73-musllinux_1_2_armv7l.whl", hash = "sha256:ed76e5e9ba5a7df9bbe5c45580217022644042ca267115b7fd9deb393b40c87f"},
    {file = "foxglove_sdk-0.4.0-pp311-pypy311_pp73-musllinux_1_2_i686.whl", hash = "sha256:a49aa311a34cbc420ad9ad61640145ac7d157a049346cae802991f3a2c24df74"},
    {file = "foxglove_sdk-0.4.0-pp311-pypy311_pp73-musllinux_1_2_x86_64.whl", hash = "sha256:77e2503f956f2aae736ce1e890a9176f46dcdc73cfa8b793d6409a28a017e355"},
    {file = "foxglove_sdk-0.4.0-pp39-pypy39_pp73-manylinux_2_17_aarch64.manylinux2014_aarch64.whl", hash = "sha256:f48d5de558dba97554458bc5c754902ec2384637bd83303939b839e3de7877d9"},
    {file = "foxglove_sdk-0.4.0-pp39-pypy39_pp73-manylinux_2_17_armv7l.manylinux2014_armv7l.whl", hash = "sha256:a6435e09eb0be282ef3392331f9611b1bb26bdfbb06a36d288ecc6efcb89343a"},
    {file = "foxglove_sdk-0.4.0-pp39-pypy39_pp73-manylinux_2_17_ppc64le.manylinux2014_ppc64le.whl", hash = "sha256:5000b9fbd3fd79b7beb6a38189b18db97bd0a7cd381aa602bda8e0651e17c8ef"},
    {file = "foxglove_sdk-0.4.0-pp39-pypy39_pp73-manylinux_2_17_s390x.manylinux2014_s390x.whl", hash = "sha256:1ee685b2a4ead5b668aefc73660e9e3e0d8f35cd97ee513439dae86e227bdbf0"},
    {file = "foxglove_sdk-0.4.0-pp39-pypy39_pp73-musllinux_1_2_aarch64.whl", hash = "sha256:91f8f516ec9bb2a054beedb6b71b8cdd7d32972946ac5ea13c5724f2758aa57d"},
    {file = "foxglove_sdk-0.4.0-pp39-pypy39_pp73-musllinux_1_2_armv7l.whl", hash = "sha256:8e9167283a4426f14a32730b7649c0992699206a031c20039cdb3049668703e2"},
    {file = "foxglove_sdk-0.4.0-pp39-pypy39_pp73-musllinux_1_2_i686.whl", hash = "sha256:c19e1eb24e2499209a8e31c439199bb639321c82b7ebca328915a8db64e24367"},
    {file = "foxglove_sdk-0.4.0-pp39-pypy39_pp73-musllinux_1_2_x86_64.whl", hash = "sha256:3b54d55217f606739923ee688da3465c93227e1c441e8e5877264e4cf3b20293"},
    {file = "foxglove_sdk-0.4.0.tar.gz", hash = "sha256:5377c546a3b2582ba3ba733d5ad6343aa162ed54f07db46f8c455d6c7eca9312"},
]

[metadata]
lock-version = "2.1"
python-versions = ">=3.12"
content-hash = "cb3b6fd0ba53747dfbe52f7453b31770a4b90926d00935f531bae000dfb63ca6"
