# This file is automatically @generated by Poetry 2.0.0 and should not be changed by hand.

[[package]]
name = "foxglove-sdk"
version = "0.4.1"
description = "Foxglove Python SDK"
optional = false
python-versions = ">=3.9"
groups = ["main"]
files = [
    {file = "foxglove_sdk-0.4.1-cp310-cp310-manylinux_2_17_aarch64.manylinux2014_aarch64.whl", hash = "sha256:7313658b8ef2a63b2983f2f08b33fa25f2eac8e7c37767a97747aeb1a89e6a8e"},
    {file = "foxglove_sdk-0.4.1-cp310-cp310-manylinux_2_17_armv7l.manylinux2014_armv7l.whl", hash = "sha256:67bd265884623b77f4ac3a0db0ac50c24038ebd19b4e0ade2c36d47b83d2b4bd"},
    {file = "foxglove_sdk-0.4.1-cp310-cp310-manylinux_2_17_i686.manylinux2014_i686.whl", hash = "sha256:4e4f755c17370047afe29467b0336ce930c84edc39d0755effdc36c263bdab1e"},
    {file = "foxglove_sdk-0.4.1-cp310-cp310-manylinux_2_17_ppc64le.manylinux2014_ppc64le.whl", hash = "sha256:039bf33ee4014abd21f47c02d85fde3cb41a3c0762a1a8d3ccadc4fb63c90a6a"},
    {file = "foxglove_sdk-0.4.1-cp310-cp310-manylinux_2_17_s390x.manylinux2014_s390x.whl", hash = "sha256:10e8600928fe233ecff8b24124eed164facab890aa61cd8a4703dd06de7044e1"},
    {file = "foxglove_sdk-0.4.1-cp310-cp310-manylinux_2_17_x86_64.manylinux2014_x86_64.whl", hash = "sha256:14d4cea4a86eb129e4ba980b159447e812e03925046da048805650068d9664ec"},
    {file = "foxglove_sdk-0.4.1-cp310-cp310-musllinux_1_2_aarch64.whl", hash = "sha256:a3bc408022b3f3a7f22abec3f802e600e8c329b9360734ca99384e9b8ea273e7"},
    {file = "foxglove_sdk-0.4.1-cp310-cp310-musllinux_1_2_armv7l.whl", hash = "sha256:adc5904fbce85e2ad9eaf98a09c9a971a1368e884ebe8e3407b6fc990c43bb5e"},
    {file = "foxglove_sdk-0.4.1-cp310-cp310-musllinux_1_2_i686.whl", hash = "sha256:c5b36684f667eb4ae4b37fd1d663225e5d8eeb28a64cb8b43fab71a4d5ae0057"},
    {file = "foxglove_sdk-0.4.1-cp310-cp310-musllinux_1_2_x86_64.whl", hash = "sha256:73ef9b4314b731b6e04a22e55efd3c02ae513172d627178fea79a731a7461184"},
    {file = "foxglove_sdk-0.4.1-cp311-cp311-macosx_10_12_x86_64.whl", hash = "sha256:efa8375652aa8a9b20c2fe32bdf050a1ed03af7c8beb94c47ba41768b8e2e6c1"},
    {file = "foxglove_sdk-0.4.1-cp311-cp311-macosx_11_0_arm64.whl", hash = "sha256:4694fdc9b1a34ee9aed5792b0dc1a128601455f577c3e127f48065fcc2f8cacc"},
    {file = "foxglove_sdk-0.4.1-cp311-cp311-manylinux_2_17_aarch64.manylinux2014_aarch64.whl", hash = "sha256:18c94c7f33fbd62e1f504fc296b29d735ecb4c6cc70541d0b026866cc28f71b3"},
    {file = "foxglove_sdk-0.4.1-cp311-cp311-manylinux_2_17_armv7l.manylinux2014_armv7l.whl", hash = "sha256:87949f3ec54d0137c03ad78aa81bf402c2abacbfe30a7fe8785df8970ab333ab"},
    {file = "foxglove_sdk-0.4.1-cp311-cp311-manylinux_2_17_i686.manylinux2014_i686.whl", hash = "sha256:3c45c97a74adb9f06121a318f1d50a237c7cd61912bd046fac6215e8cd48776b"},
    {file = "foxglove_sdk-0.4.1-cp311-cp311-manylinux_2_17_ppc64le.manylinux2014_ppc64le.whl", hash = "sha256:5b355b0755abf0d4578b2361d9c591dc64d29f4aa90ff1ea5c6f97dc0e076482"},
    {file = "foxglove_sdk-0.4.1-cp311-cp311-manylinux_2_17_s390x.manylinux2014_s390x.whl", hash = "sha256:ed4fefefd6b66cd64e1531efc6ff25d1a7e1e7e3b9462012b7041bbf219de707"},
    {file = "foxglove_sdk-0.4.1-cp311-cp311-manylinux_2_17_x86_64.manylinux2014_x86_64.whl", hash = "sha256:c506235fd3d220541a84b855bb332b595dd5c1af536e4c384233009c29c430e6"},
    {file = "foxglove_sdk-0.4.1-cp311-cp311-musllinux_1_2_aarch64.whl", hash = "sha256:fc961f93321eac3fd24924ee97a874effaef9a3d700320615ce39bcd6e099531"},
    {file = "foxglove_sdk-0.4.1-cp311-cp311-musllinux_1_2_armv7l.whl", hash = "sha256:756feebe7839bcea302f3a35e2980d66b7d64d4186b0099e997fea6e4e1b4e18"},
    {file = "foxglove_sdk-0.4.1-cp311-cp311-musllinux_1_2_i686.whl", hash = "sha256:c281944972e92e0c4b755955d9c18fe0a2f8255abd3b404898ebe553e05dcd5c"},
    {file = "foxglove_sdk-0.4.1-cp311-cp311-musllinux_1_2_x86_64.whl", hash = "sha256:9f0faaf4e2f77959d90e3f5632ddebc8b795dabadea29abc034338ec5228b6be"},
    {file = "foxglove_sdk-0.4.1-cp312-cp312-macosx_10_12_x86_64.whl", hash = "sha256:5dcf71590eaacc3d639ecf76f8bb21eb64283fda38337b6590dfdf6e87aededb"},
    {file = "foxglove_sdk-0.4.1-cp312-cp312-macosx_11_0_arm64.whl", hash = "sha256:650ba5c9656d2f28e3a0965f11678d75b77b0abe4230721c30a42f1bd3b396a0"},
    {file = "foxglove_sdk-0.4.1-cp312-cp312-manylinux_2_17_aarch64.manylinux2014_aarch64.whl", hash = "sha256:5846b80406e6e69d798a8a8307d28d29a4dfe37c47b470057b665e72cb46d244"},
    {file = "foxglove_sdk-0.4.1-cp312-cp312-manylinux_2_17_armv7l.manylinux2014_armv7l.whl", hash = "sha256:05c1fb513d6ec0b7382fd93ac23b4bd4f45b81091590bfc67577d01290627082"},
    {file = "foxglove_sdk-0.4.1-cp312-cp312-manylinux_2_17_i686.manylinux2014_i686.whl", hash = "sha256:6610249c9f7c58d8c2e1ca55c1374ab01564cda2f16ab217bcc361d0eb52956e"},
    {file = "foxglove_sdk-0.4.1-cp312-cp312-manylinux_2_17_ppc64le.manylinux2014_ppc64le.whl", hash = "sha256:46747b40f658a716b2bc089328e69a1b1ef62cd6cdbb143aad021feb94069c07"},
    {file = "foxglove_sdk-0.4.1-cp312-cp312-manylinux_2_17_s390x.manylinux2014_s390x.whl", hash = "sha256:82ea682565b0061d0e78ba990d3cfa7f622811a6b57fcd9d9418a3f1913c025d"},
    {file = "foxglove_sdk-0.4.1-cp312-cp312-manylinux_2_17_x86_64.manylinux2014_x86_64.whl", hash = "sha256:747e831e401a5cc13fe0667a40ea38f704966d96da6e016783084a67d848fd64"},
    {file = "foxglove_sdk-0.4.1-cp312-cp312-musllinux_1_2_aarch64.whl", hash = "sha256:e8857514fdb433e36542946d6046ea2cb2d70577d2de340c0b1b792272796630"},
    {file = "foxglove_sdk-0.4.1-cp312-cp312-musllinux_1_2_armv7l.whl", hash = "sha256:3928313f72785364827ba524be593dc9c192dd1d9c3d6950b2ce758540d70946"},
    {file = "foxglove_sdk-0.4.1-cp312-cp312-musllinux_1_2_i686.whl", hash = "sha256:cd7fa4cc0498272f322c0c789a50e62d0eb50baac94b3d51e550797412a3d82b"},
    {file = "foxglove_sdk-0.4.1-cp312-cp312-musllinux_1_2_x86_64.whl", hash = "sha256:4953d634b0516f49f89b9d2f25188efab269da9bb278dc5f3799736546804747"},
    {file = "foxglove_sdk-0.4.1-cp313-cp313-macosx_10_12_x86_64.whl", hash = "sha256:a1dbf50d35d8ee79b41ebfbf761a31589b73c091a97c0f68cf7c5f6037c05b69"},
    {file = "foxglove_sdk-0.4.1-cp313-cp313-macosx_11_0_arm64.whl", hash = "sha256:db8befd0a282eca002a6c2cadc421200ecde6e1c20e97a22c6c0f8012986f0c9"},
    {file = "foxglove_sdk-0.4.1-cp313-cp313-manylinux_2_17_aarch64.manylinux2014_aarch64.whl", hash = "sha256:d749eaaa1236301e58417d058fbce2f40ff38ff94fa713c5d13aac4c9c7cfd6c"},
    {file = "foxglove_sdk-0.4.1-cp313-cp313-manylinux_2_17_armv7l.manylinux2014_armv7l.whl", hash = "sha256:0d693dc8fa152285dda68f3857e97648e241eaf146394e0936dbf00fdfec51e7"},
    {file = "foxglove_sdk-0.4.1-cp313-cp313-manylinux_2_17_i686.manylinux2014_i686.whl", hash = "sha256:9e2c6c18383ddbf765836b84ea416b25d66c9efbda92574cbfddebeb6966bd97"},
    {file = "foxglove_sdk-0.4.1-cp313-cp313-manylinux_2_17_ppc64le.manylinux2014_ppc64le.whl", hash = "sha256:db20fa8b0252d824b87b19884a9a1a6f0d014eaf01075c05ad7b0956133344eb"},
    {file = "foxglove_sdk-0.4.1-cp313-cp313-manylinux_2_17_s390x.manylinux2014_s390x.whl", hash = "sha256:6f42b66bc79a96f9c51c7387936c604a6033ab2bf9f47864c8e139b6798776b9"},
    {file = "foxglove_sdk-0.4.1-cp313-cp313-manylinux_2_17_x86_64.manylinux2014_x86_64.whl", hash = "sha256:cfe2f826ed49607568527711fe1dec866b684bc7a8ed3cff722db2311bc4c4da"},
    {file = "foxglove_sdk-0.4.1-cp313-cp313-musllinux_1_2_aarch64.whl", hash = "sha256:23036747a234c4ffcb5b707aa4b7319f03e7f8b2f0f2d41d4a28ae7ac6449cf2"},
    {file = "foxglove_sdk-0.4.1-cp313-cp313-musllinux_1_2_armv7l.whl", hash = "sha256:6c7bc2bce9a8370f9fa9a289d1a33aef37817875f8de5f79f3c2c8164e139239"},
    {file = "foxglove_sdk-0.4.1-cp313-cp313-musllinux_1_2_i686.whl", hash = "sha256:c730a9eca3611ef628672caf0741d13191f0b04c62f0034a435d7d6849b22861"},
    {file = "foxglove_sdk-0.4.1-cp313-cp313-musllinux_1_2_x86_64.whl", hash = "sha256:b33d1f3bf7a3e64b23cb5c386aa7c3484a0bba934e27c2593acf74d82cdd670b"},
    {file = "foxglove_sdk-0.4.1-cp313-cp313t-manylinux_2_17_aarch64.manylinux2014_aarch64.whl", hash = "sha256:de98dc9745fce715c4431541c4f22bd81be90d045b28580bf5e4013ae2742eae"},
    {file = "foxglove_sdk-0.4.1-cp313-cp313t-manylinux_2_17_armv7l.manylinux2014_armv7l.whl", hash = "sha256:712fdea6fad8e4947ecfb8c078fa5d5f9c64818a86b982b8add967ff0a4dfe0f"},
    {file = "foxglove_sdk-0.4.1-cp313-cp313t-manylinux_2_17_ppc64le.manylinux2014_ppc64le.whl", hash = "sha256:d8f0ab03750ae64dd22322aded28f858b89a5a2202da56d5f2e0b7c86b38480f"},
    {file = "foxglove_sdk-0.4.1-cp313-cp313t-manylinux_2_17_s390x.manylinux2014_s390x.whl", hash = "sha256:fee724b2d506f5cfa5623e229ebde7d9f79b3f535cb5ce605c0b8fba34ad4288"},
    {file = "foxglove_sdk-0.4.1-cp313-cp313t-musllinux_1_2_aarch64.whl", hash = "sha256:5c78d2993fee933a9406e8eabd47d7255ef761344651bc6da5a50a7379cc0575"},
    {file = "foxglove_sdk-0.4.1-cp313-cp313t-musllinux_1_2_armv7l.whl", hash = "sha256:a7fa5667b4d38237da33c248f398c85b21d6165d5ca6d60f538f2e0f9a70d2af"},
    {file = "foxglove_sdk-0.4.1-cp313-cp313t-musllinux_1_2_i686.whl", hash = "sha256:3c8be88aa2f3ee432a7a7c06a47ea7eb4425290b63ec42c43e6aa4c77af7efa9"},
    {file = "foxglove_sdk-0.4.1-cp313-cp313t-musllinux_1_2_x86_64.whl", hash = "sha256:38412af7abaeebdf4b627a9e6170614cbe8ed4bd0aa883ce2448adaa5a3c2910"},
    {file = "foxglove_sdk-0.4.1-cp39-cp39-macosx_10_12_x86_64.whl", hash = "sha256:45a3ffba0dc702725a56902097f7493e6fd940f5025c70efc59c66aab1c97d58"},
    {file = "foxglove_sdk-0.4.1-cp39-cp39-macosx_11_0_arm64.whl", hash = "sha256:7d3c08897a370e6fbc86a79a4b1baee24afc164e98288714d51864cc66db28b1"},
    {file = "foxglove_sdk-0.4.1-cp39-cp39-manylinux_2_17_aarch64.manylinux2014_aarch64.whl", hash = "sha256:f66ac27cc9cda8fcd64e98b47a221b1a428acbab7195333633aa724bbcc99b15"},
    {file = "foxglove_sdk-0.4.1-cp39-cp39-manylinux_2_17_armv7l.manylinux2014_armv7l.whl", hash = "sha256:9638d08001edd72eb86fdd723683727b1808f711aee3340239627e1e5680cc83"},
    {file = "foxglove_sdk-0.4.1-cp39-cp39-manylinux_2_17_i686.manylinux2014_i686.whl", hash = "sha256:6df6591153903364f3f0a5b2e739f3ddead7dcfae13d03f5c547c7fed3d1ec8e"},
    {file = "foxglove_sdk-0.4.1-cp39-cp39-manylinux_2_17_ppc64le.manylinux2014_ppc64le.whl", hash = "sha256:a78b0d131c2706af62faaadd3538aacb1b3f21a593583dfc68f2b560b78fea64"},
    {file = "foxglove_sdk-0.4.1-cp39-cp39-manylinux_2_17_s390x.manylinux2014_s390x.whl", hash = "sha256:9b115cb67f0e8a2fdb94884d637daf7a948a4ff4879c7ac3294033088bf97e5d"},
    {file = "foxglove_sdk-0.4.1-cp39-cp39-manylinux_2_17_x86_64.manylinux2014_x86_64.whl", hash = "sha256:beed76f6ff611a9c9d72335487123f5261b6140a17487369e17c5f803342fcb1"},
    {file = "foxglove_sdk-0.4.1-cp39-cp39-musllinux_1_2_aarch64.whl", hash = "sha256:6fa5f1bb2a359ac981056aa3b1ddfe64527866e66880c646a52a911792f1bb06"},
    {file = "foxglove_sdk-0.4.1-cp39-cp39-musllinux_1_2_armv7l.whl", hash = "sha256:d38872472cebfa2e38dd4372ad047079879a23107b7677c394ad7973b23a5aab"},
    {file = "foxglove_sdk-0.4.1-cp39-cp39-musllinux_1_2_i686.whl", hash = "sha256:c36c4c5c7800235ba11d3b2214bc3ddc4294d5303900e39d850588430db9b329"},
    {file = "foxglove_sdk-0.4.1-cp39-cp39-musllinux_1_2_x86_64.whl", hash = "sha256:416c4264e369a9262e1e03a466b3bbfb4c21221756ac3671545e5e6e33c9fc28"},
    {file = "foxglove_sdk-0.4.1-pp310-pypy310_pp73-manylinux_2_17_aarch64.manylinux2014_aarch64.whl", hash = "sha256:cafbb7c90b22e0f503125d02d89d22a247d1466b07f3c2bce2a7c10081010512"},
    {file = "foxglove_sdk-0.4.1-pp310-pypy310_pp73-manylinux_2_17_armv7l.manylinux2014_armv7l.whl", hash = "sha256:ec9835264c157424cff55b89897670d76b3d6656788d7e06e10a571b8b634ecf"},
    {file = "foxglove_sdk-0.4.1-pp310-pypy310_pp73-manylinux_2_17_i686.manylinux2014_i686.whl", hash = "sha256:fdaebabf4b3a366f5e41cf4d6d1ffe8fc7f61da0892d34f4e8c8fcf4d98a509c"},
    {file = "foxglove_sdk-0.4.1-pp310-pypy310_pp73-manylinux_2_17_ppc64le.manylinux2014_ppc64le.whl", hash = "sha256:d4b128cdb89c1d792cb637fd071b83f38a1448cea14b1e4c43471c8b60ced2a3"},
    {file = "foxglove_sdk-0.4.1-pp310-pypy310_pp73-manylinux_2_17_s390x.manylinux2014_s390x.whl", hash = "sha256:675d79d43c104c7a6557e42cd296519947b4b7c665939cfef1e2ddcd548dd20b"},
    {file = "foxglove_sdk-0.4.1-pp310-pypy310_pp73-manylinux_2_17_x86_64.manylinux2014_x86_64.whl", hash = "sha256:4785a859232bb1200a4fb545bba0374e5d52e14e0abdddeb9efd6e22214dd597"},
    {file = "foxglove_sdk-0.4.1-pp310-pypy310_pp73-musllinux_1_2_aarch64.whl", hash = "sha256:4350b20eac85a5997f04bc05a50c00f568dcf2b40d09ce01ac81181da3a8babf"},
    {file = "foxglove_sdk-0.4.1-pp310-pypy310_pp73-musllinux_1_2_armv7l.whl", hash = "sha256:75f32c3de69ec380504ed590efb921a1519859fc9eae4b3fcaec6cae9e8df5f6"},
    {file = "foxglove_sdk-0.4.1-pp310-pypy310_pp73-musllinux_1_2_i686.whl", hash = "sha256:63fd9f454f041dbd70d1688387efca9d0bdd56a4ad84cc7c8838b5a0d0ebd608"},
    {file = "foxglove_sdk-0.4.1-pp311-pypy311_pp73-manylinux_2_17_aarch64.manylinux2014_aarch64.whl", hash = "sha256:5b5fd2ffa77470c353b8a32670d4f39ec0e74bfdb86a1038c33bbfad1d0b5fd0"},
    {file = "foxglove_sdk-0.4.1-pp311-pypy311_pp73-manylinux_2_17_armv7l.manylinux2014_armv7l.whl", hash = "sha256:6d79fe3be0d023894cf3d15d261595c6503a8e42c60356650902b49bf2538119"},
    {file = "foxglove_sdk-0.4.1-pp311-pypy311_pp73-manylinux_2_17_i686.manylinux2014_i686.whl", hash = "sha256:447b038e53007d3152d9cc1dce6c351686b213610c6401de7290092e13e53695"},
    {file = "foxglove_sdk-0.4.1-pp311-pypy311_pp73-manylinux_2_17_ppc64le.manylinux2014_ppc64le.whl", hash = "sha256:1c9553d10f8e79287063052e0853d2cfd19d060419c841431880737edad2b0d6"},
    {file = "foxglove_sdk-0.4.1-pp311-pypy311_pp73-manylinux_2_17_s390x.manylinux2014_s390x.whl", hash = "sha256:852a5c94b637bbe28cc13b2a40c0d1ad2410d1b39bcb5ce2e8a99e75167aac6b"},
    {file = "foxglove_sdk-0.4.1-pp311-pypy311_pp73-manylinux_2_17_x86_64.manylinux2014_x86_64.whl", hash = "sha256:3f799587c9ba6771983e4f4e3781c73c582f47b48cb7f1938ec2c234cc446bcd"},
    {file = "foxglove_sdk-0.4.1-pp311-pypy311_pp73-musllinux_1_2_aarch64.whl", hash = "sha256:276e9551ad3a1c57caee24307abfca71c895bd418cf1e35ccfbe9bd6fe5b1f8a"},
    {file = "foxglove_sdk-0.4.1-pp311-pypy311_pp73-musllinux_1_2_armv7l.whl", hash = "sha256:0461475937954a1d50d01f02d8cede76cf73be2da64415477b30d8bcc6d76567"},
    {file = "foxglove_sdk-0.4.1-pp311-pypy311_pp73-musllinux_1_2_i686.whl", hash = "sha256:12262b6fb9761103348b4d99c6d159b5dd9778a7ff7fe960d9982b169d033cca"},
    {file = "foxglove_sdk-0.4.1-pp39-pypy39_pp73-manylinux_2_17_aarch64.manylinux2014_aarch64.whl", hash = "sha256:1b524caa019cf93e61d029ad29708d300b0048a06823ca2d2fbd7a3d6d037106"},
    {file = "foxglove_sdk-0.4.1-pp39-pypy39_pp73-manylinux_2_17_armv7l.manylinux2014_armv7l.whl", hash = "sha256:661a7eeaab8876fbfde7a3444defda44c7954c594107fb1939b3be787df95601"},
    {file = "foxglove_sdk-0.4.1-pp39-pypy39_pp73-manylinux_2_17_ppc64le.manylinux2014_ppc64le.whl", hash = "sha256:e69432ca47f02234c8e44d04b9ec49bfa1447a3fcf5b66ed2947c0045f1f121c"},
    {file = "foxglove_sdk-0.4.1-pp39-pypy39_pp73-manylinux_2_17_s390x.manylinux2014_s390x.whl", hash = "sha256:3296e0e238567265e4e2dbf46bd5c288f596185cf60f9e7f3e479c1bf5f8e42a"},
    {file = "foxglove_sdk-0.4.1-pp39-pypy39_pp73-musllinux_1_2_aarch64.whl", hash = "sha256:4261b18d2012a31494412fbda97546c02d16dc7bcc5ac77c854707c922bf611e"},
    {file = "foxglove_sdk-0.4.1-pp39-pypy39_pp73-musllinux_1_2_armv7l.whl", hash = "sha256:f7fa50d1eb6da101db1965dabdd69809d2d644861fb8cbeb6407d3a40aaf629e"},
    {file = "foxglove_sdk-0.4.1-pp39-pypy39_pp73-musllinux_1_2_i686.whl", hash = "sha256:addd2429c4480bc3690fa2a09b3538b071c064e12254799914b4a8cc4fe7251a"},
]

[[package]]
name = "geojson"
version = "3.2.0"
description = "Python bindings and utilities for GeoJSON"
optional = false
python-versions = ">=3.7"
groups = ["main"]
files = [
    {file = "geojson-3.2.0-py3-none-any.whl", hash = "sha256:69d14156469e13c79479672eafae7b37e2dcd19bdfd77b53f74fa8fe29910b52"},
    {file = "geojson-3.2.0.tar.gz", hash = "sha256:b860baba1e8c6f71f8f5f6e3949a694daccf40820fa8f138b3f712bd85804903"},
]

[[package]]
name = "gpxpy"
version = "1.6.2"
description = "GPX file parser and GPS track manipulation library"
optional = false
python-versions = ">=3.6"
groups = ["main"]
files = [
    {file = "gpxpy-1.6.2-py3-none-any.whl", hash = "sha256:289bc2d80f116c988d0a1e763fda22838f83005573ece2bbc6521817b26fb40a"},
    {file = "gpxpy-1.6.2.tar.gz", hash = "sha256:a72c484b97ec42b80834353b029cc8ee1b79f0ffca1179b2210bb3baf26c01ae"},
]

[metadata]
lock-version = "2.1"
python-versions = ">=3.12"
content-hash = "d860fa3b9e153a37542df60103552dc3fbb643dd05144bfdf13b0d7fee5f7d27"
